{
  "name": "growbiz",
  "version": "1.0.0",
  "description": "Spending Tracker",
  "main": "server/index.js",
  "license": "ISC",
  "dependencies": {
    "bcrypt": "^6.0.0",
    "chart.js": "^4.4.9",
    "cors": "^2.8.5",
    "dotenv": "^16.5.0",
    "express": "^5.1.0",
    "mysql2": "^3.14.1",
    "react": "^18.2.0",
    "react-dom": "^18.2.0",
    "react-chartjs-2": "^5.3.0",
    "react-router-dom": "^6.22.3",
    "zustand": "^5.0.5"
  },
  "devDependencies": {
    "concurrently": "^9.1.2",
    "nodemon": "^3.1.10",
    "react-scripts": "^5.0.1"
  },
  "scripts": {
    "start": "node server/index.js",
    "dev": "server/index.js\" \"react-scripts start\"",
    "client": "react-scripts start",
    "build": "react-scripts build",
    "test": "echo \"Error: no test specified\" && exit 1"
  }
}
